
Microsoft Visual Studio Solution File, Format Version 12.00
Project("{FAE04EC0-301F-11D3-BF4B-00C04F79EFBC}") = "LojaVirtual", "LojaVirtual\LojaVirtual.csproj", "{84989722-1114-48B6-94C6-80EF2EA2702E}"
EndProject
Global
	GlobalSection(SolutionConfigurationPlatforms) = preSolution
		Debug|Any CPU = Debug|Any CPU
		Release|Any CPU = Release|Any CPU
	EndGlobalSection
	GlobalSection(ProjectConfigurationPlatforms) = postSolution
		{84989722-1114-48B6-94C6-80EF2EA2702E}.Debug|Any CPU.ActiveCfg = Debug|Any CPU
		{84989722-1114-48B6-94C6-80EF2EA2702E}.Debug|Any CPU.Build.0 = Debug|Any CPU
		{84989722-1114-48B6-94C6-80EF2EA2702E}.Release|Any CPU.ActiveCfg = Release|Any CPU
		{84989722-1114-48B6-94C6-80EF2EA2702E}.Release|Any CPU.Build.0 = Release|Any CPU
	EndGlobalSection
EndGlobal
